
Microsoft Visual Studio Solution File, Format Version 12.00
# Visual Studio 15
VisualStudioVersion = 15.0.27130.2026
MinimumVisualStudioVersion = 10.0.40219.1
Project("{FAE04EC0-301F-11D3-BF4B-00C04F79EFBC}") = "NET.W.2018.Dementey.01", "NET.W.2018.Dementey.01\NET.W.2018.Dementey.01.csproj", "{B2B7B6FA-CBBC-4C82-A303-81D1D5F7F4C6}"
EndProject
Project("{FAE04EC0-301F-11D3-BF4B-00C04F79EFBC}") = "GACTask", "GACTask\GACTask.csproj", "{49ED7C67-21E9-4650-BC88-B41934BFD2EE}"
EndProject
Global
	GlobalSection(SolutionConfigurationPlatforms) = preSolution
		Debug|Any CPU = Debug|Any CPU
		Release|Any CPU = Release|Any CPU
	EndGlobalSection
	GlobalSection(ProjectConfigurationPlatforms) = postSolution
		{B2B7B6FA-CBBC-4C82-A303-81D1D5F7F4C6}.Debug|Any CPU.ActiveCfg = Debug|Any CPU
		{B2B7B6FA-CBBC-4C82-A303-81D1D5F7F4C6}.Debug|Any CPU.Build.0 = Debug|Any CPU
		{B2B7B6FA-CBBC-4C82-A303-81D1D5F7F4C6}.Release|Any CPU.ActiveCfg = Release|Any CPU
		{B2B7B6FA-CBBC-4C82-A303-81D1D5F7F4C6}.Release|Any CPU.Build.0 = Release|Any CPU
		{49ED7C67-21E9-4650-BC88-B41934BFD2EE}.Debug|Any CPU.ActiveCfg = Debug|Any CPU
		{49ED7C67-21E9-4650-BC88-B41934BFD2EE}.Debug|Any CPU.Build.0 = Debug|Any CPU
		{49ED7C67-21E9-4650-BC88-B41934BFD2EE}.Release|Any CPU.ActiveCfg = Release|Any CPU
		{49ED7C67-21E9-4650-BC88-B41934BFD2EE}.Release|Any CPU.Build.0 = Release|Any CPU
	EndGlobalSection
	GlobalSection(SolutionProperties) = preSolution
		HideSolutionNode = FALSE
	EndGlobalSection
	GlobalSection(ExtensibilityGlobals) = postSolution
		SolutionGuid = {19F62C5C-BF9C-4C99-B9C4-335FC7F62212}
	EndGlobalSection
EndGlobal
